
Microsoft Visual Studio Solution File, Format Version 12.00
# Visual Studio Version 17
VisualStudioVersion = 17.8.34525.116
MinimumVisualStudioVersion = 10.0.40219.1
Project("{9A19103F-16F7-4668-BE54-9A1E7A4F7556}") = "ConsoleApp1", "ConsoleApp1\ConsoleApp1.csproj", "{F5A50B96-A8F4-4A87-919D-BA8A1F43B2FD}"
EndProject
Project("{9A19103F-16F7-4668-BE54-9A1E7A4F7556}") = "ConsoleApp2", "ConsoleApp2\ConsoleApp2.csproj", "{1301AA88-B096-43C8-925C-D57CB36F3C02}"
EndProject
Project("{9A19103F-16F7-4668-BE54-9A1E7A4F7556}") = "ConsoleApp3", "ConsoleApp3\ConsoleApp3.csproj", "{C7C80B7D-3D8F-40BA-8D49-F2C0283AD30E}"
EndProject
Project("{9A19103F-16F7-4668-BE54-9A1E7A4F7556}") = "ConsoleApp4", "ConsoleApp4\ConsoleApp4.csproj", "{5FF735B0-C4F3-47B8-97F3-155E3B43379A}"
EndProject
Project("{9A19103F-16F7-4668-BE54-9A1E7A4F7556}") = "ConsoleApp5", "ConsoleApp5\ConsoleApp5.csproj", "{30B8CD00-166E-4294-86A2-D7839A0C4269}"
EndProject
Project("{9A19103F-16F7-4668-BE54-9A1E7A4F7556}") = "ConsoleApp6", "ConsoleApp6\ConsoleApp6.csproj", "{44A01748-1AFF-4476-843B-C98CE19BC481}"
EndProject
Project("{FAE04EC0-301F-11D3-BF4B-00C04F79EFBC}") = "ConsoleApp7", "ConsoleApp7\ConsoleApp7.csproj", "{4BDB6EB2-831B-416F-82F9-225F8D15A24A}"
EndProject
Project("{FAE04EC0-301F-11D3-BF4B-00C04F79EFBC}") = "ConsoleApp8", "ConsoleApp8\ConsoleApp8.csproj", "{56ADCDEC-A165-4F91-8D40-EC1B44657159}"
EndProject
Global
	GlobalSection(SolutionConfigurationPlatforms) = preSolution
		Debug|Any CPU = Debug|Any CPU
		Release|Any CPU = Release|Any CPU
	EndGlobalSection
	GlobalSection(ProjectConfigurationPlatforms) = postSolution
		{F5A50B96-A8F4-4A87-919D-BA8A1F43B2FD}.Debug|Any CPU.ActiveCfg = Debug|Any CPU
		{F5A50B96-A8F4-4A87-919D-BA8A1F43B2FD}.Debug|Any CPU.Build.0 = Debug|Any CPU
		{F5A50B96-A8F4-4A87-919D-BA8A1F43B2FD}.Release|Any CPU.ActiveCfg = Release|Any CPU
		{F5A50B96-A8F4-4A87-919D-BA8A1F43B2FD}.Release|Any CPU.Build.0 = Release|Any CPU
		{1301AA88-B096-43C8-925C-D57CB36F3C02}.Debug|Any CPU.ActiveCfg = Debug|Any CPU
		{1301AA88-B096-43C8-925C-D57CB36F3C02}.Debug|Any CPU.Build.0 = Debug|Any CPU
		{1301AA88-B096-43C8-925C-D57CB36F3C02}.Release|Any CPU.ActiveCfg = Release|Any CPU
		{1301AA88-B096-43C8-925C-D57CB36F3C02}.Release|Any CPU.Build.0 = Release|Any CPU
		{C7C80B7D-3D8F-40BA-8D49-F2C0283AD30E}.Debug|Any CPU.ActiveCfg = Debug|Any CPU
		{C7C80B7D-3D8F-40BA-8D49-F2C0283AD30E}.Debug|Any CPU.Build.0 = Debug|Any CPU
		{C7C80B7D-3D8F-40BA-8D49-F2C0283AD30E}.Release|Any CPU.ActiveCfg = Release|Any CPU
		{C7C80B7D-3D8F-40BA-8D49-F2C0283AD30E}.Release|Any CPU.Build.0 = Release|Any CPU
		{5FF735B0-C4F3-47B8-97F3-155E3B43379A}.Debug|Any CPU.ActiveCfg = Debug|Any CPU
		{5FF735B0-C4F3-47B8-97F3-155E3B43379A}.Debug|Any CPU.Build.0 = Debug|Any CPU
		{5FF735B0-C4F3-47B8-97F3-155E3B43379A}.Release|Any CPU.ActiveCfg = Release|Any CPU
		{5FF735B0-C4F3-47B8-97F3-155E3B43379A}.Release|Any CPU.Build.0 = Release|Any CPU
		{30B8CD00-166E-4294-86A2-D7839A0C4269}.Debug|Any CPU.ActiveCfg = Debug|Any CPU
		{30B8CD00-166E-4294-86A2-D7839A0C4269}.Debug|Any CPU.Build.0 = Debug|Any CPU
		{30B8CD00-166E-4294-86A2-D7839A0C4269}.Release|Any CPU.ActiveCfg = Release|Any CPU
		{30B8CD00-166E-4294-86A2-D7839A0C4269}.Release|Any CPU.Build.0 = Release|Any CPU
		{44A01748-1AFF-4476-843B-C98CE19BC481}.Debug|Any CPU.ActiveCfg = Debug|Any CPU
		{44A01748-1AFF-4476-843B-C98CE19BC481}.Debug|Any CPU.Build.0 = Debug|Any CPU
		{44A01748-1AFF-4476-843B-C98CE19BC481}.Release|Any CPU.ActiveCfg = Release|Any CPU
		{44A01748-1AFF-4476-843B-C98CE19BC481}.Release|Any CPU.Build.0 = Release|Any CPU
		{4BDB6EB2-831B-416F-82F9-225F8D15A24A}.Debug|Any CPU.ActiveCfg = Debug|Any CPU
		{4BDB6EB2-831B-416F-82F9-225F8D15A24A}.Debug|Any CPU.Build.0 = Debug|Any CPU
		{4BDB6EB2-831B-416F-82F9-225F8D15A24A}.Release|Any CPU.ActiveCfg = Release|Any CPU
		{4BDB6EB2-831B-416F-82F9-225F8D15A24A}.Release|Any CPU.Build.0 = Release|Any CPU
		{56ADCDEC-A165-4F91-8D40-EC1B44657159}.Debug|Any CPU.ActiveCfg = Debug|Any CPU
		{56ADCDEC-A165-4F91-8D40-EC1B44657159}.Debug|Any CPU.Build.0 = Debug|Any CPU
		{56ADCDEC-A165-4F91-8D40-EC1B44657159}.Release|Any CPU.ActiveCfg = Release|Any CPU
		{56ADCDEC-A165-4F91-8D40-EC1B44657159}.Release|Any CPU.Build.0 = Release|Any CPU
	EndGlobalSection
	GlobalSection(SolutionProperties) = preSolution
		HideSolutionNode = FALSE
	EndGlobalSection
	GlobalSection(ExtensibilityGlobals) = postSolution
		SolutionGuid = {70AF628A-DF63-4E7C-9481-12E0886B9DE8}
	EndGlobalSection
EndGlobal
